// !$*UTF8*$!
{
	archiveVersion = 1;
	classes = {
	};
	objectVersion = 55;
	objects = {

/* Begin PBXBuildFile section */
		A620FD6028BD8BF80098766E /* WebviewWithSwiftApp.swift in Sources */ = {isa = PBXBuildFile; fileRef = A620FD5F28BD8BF80098766E /* WebviewWithSwiftApp.swift */; };
		A620FD6428BD8BFA0098766E /* Assets.xcassets in Resources */ = {isa = PBXBuildFile; fileRef = A620FD6328BD8BFA0098766E /* Assets.xcassets */; };
		A620FD6728BD8BFA0098766E /* Preview Assets.xcassets in Resources */ = {isa = PBXBuildFile; fileRef = A620FD6628BD8BFA0098766E /* Preview Assets.xcassets */; };
		A620FD7228BD8BFB0098766E /* WebviewWithSwiftTests.swift in Sources */ = {isa = PBXBuildFile; fileRef = A620FD7128BD8BFB0098766E /* WebviewWithSwiftTests.swift */; };
		A620FD7C28BD8BFB0098766E /* WebviewWithSwiftUITests.swift in Sources */ = {isa = PBXBuildFile; fileRef = A620FD7B28BD8BFB0098766E /* WebviewWithSwiftUITests.swift */; };
		A620FD7E28BD8BFB0098766E /* WebviewWithSwiftUITestsLaunchTests.swift in Sources */ = {isa = PBXBuildFile; fileRef = A620FD7D28BD8BFB0098766E /* WebviewWithSwiftUITestsLaunchTests.swift */; };
		A620FD8C28BD8C690098766E /* WebKit.framework in Frameworks */ = {isa = PBXBuildFile; fileRef = A620FD8B28BD8C690098766E /* WebKit.framework */; };
		A620FD8E28BD90540098766E /* Webview.swift in Sources */ = {isa = PBXBuildFile; fileRef = A620FD8D28BD90540098766E /* Webview.swift */; };
		A620FD9028BD95190098766E /* ContentView.swift in Sources */ = {isa = PBXBuildFile; fileRef = A620FD8F28BD95190098766E /* ContentView.swift */; };
/* End PBXBuildFile section */

/* Begin PBXContainerItemProxy section */
		A620FD6E28BD8BFB0098766E /* PBXContainerItemProxy */ = {
			isa = PBXContainerItemProxy;
			containerPortal = A620FD5428BD8BF80098766E /* Project object */;
			proxyType = 1;
			remoteGlobalIDString = A620FD5B28BD8BF80098766E;
			remoteInfo = WebviewWithSwift;
		};
		A620FD7828BD8BFB0098766E /* PBXContainerItemProxy */ = {
			isa = PBXContainerItemProxy;
			containerPortal = A620FD5428BD8BF80098766E /* Project object */;
			proxyType = 1;
			remoteGlobalIDString = A620FD5B28BD8BF80098766E;
			remoteInfo = WebviewWithSwift;
		};
/* End PBXContainerItemProxy section */

/* Begin PBXFileReference section */
		A620FD5C28BD8BF80098766E /* WebviewWithSwift.app */ = {isa = PBXFileReference; explicitFileType = wrapper.application; includeInIndex = 0; path = WebviewWithSwift.app; sourceTree = BUILT_PRODUCTS_DIR; };
		A620FD5F28BD8BF80098766E /* WebviewWithSwiftApp.swift */ = {isa = PBXFileReference; lastKnownFileType = sourcecode.swift; path = WebviewWithSwiftApp.swift; sourceTree = "<group>"; };
		A620FD6328BD8BFA0098766E /* Assets.xcassets */ = {isa = PBXFileReference; lastKnownFileType = folder.assetcatalog; path = Assets.xcassets; sourceTree = "<group>"; };
		A620FD6628BD8BFA0098766E /* Preview Assets.xcassets */ = {isa = PBXFileReference; lastKnownFileType = folder.assetcatalog; path = "Preview Assets.xcassets"; sourceTree = "<group>"; };
		A620FD6828BD8BFA0098766E /* WebviewWithSwift.entitlements */ = {isa = PBXFileReference; lastKnownFileType = text.plist.entitlements; path = WebviewWithSwift.entitlements; sourceTree = "<group>"; };
		A620FD6D28BD8BFB0098766E /* WebviewWithSwiftTests.xctest */ = {isa = PBXFileReference; explicitFileType = wrapper.cfbundle; includeInIndex = 0; path = WebviewWithSwiftTests.xctest; sourceTree = BUILT_PRODUCTS_DIR; };
		A620FD7128BD8BFB0098766E /* WebviewWithSwiftTests.swift */ = {isa = PBXFileReference; lastKnownFileType = sourcecode.swift; path = WebviewWithSwiftTests.swift; sourceTree = "<group>"; };
		A620FD7728BD8BFB0098766E /* WebviewWithSwiftUITests.xctest */ = {isa = PBXFileReference; explicitFileType = wrapper.cfbundle; includeInIndex = 0; path = WebviewWithSwiftUITests.xctest; sourceTree = BUILT_PRODUCTS_DIR; };
		A620FD7B28BD8BFB0098766E /* WebviewWithSwiftUITests.swift */ = {isa = PBXFileReference; lastKnownFileType = sourcecode.swift; path = WebviewWithSwiftUITests.swift; sourceTree = "<group>"; };
		A620FD7D28BD8BFB0098766E /* WebviewWithSwiftUITestsLaunchTests.swift */ = {isa = PBXFileReference; lastKnownFileType = sourcecode.swift; path = WebviewWithSwiftUITestsLaunchTests.swift; sourceTree = "<group>"; };
		A620FD8B28BD8C690098766E /* WebKit.framework */ = {isa = PBXFileReference; lastKnownFileType = wrapper.framework; name = WebKit.framework; path = System/Library/Frameworks/WebKit.framework; sourceTree = SDKROOT; };
		A620FD8D28BD90540098766E /* Webview.swift */ = {isa = PBXFileReference; lastKnownFileType = sourcecode.swift; path = Webview.swift; sourceTree = "<group>"; };
		A620FD8F28BD95190098766E /* ContentView.swift */ = {isa = PBXFileReference; lastKnownFileType = sourcecode.swift; path = ContentView.swift; sourceTree = "<group>"; };
/* End PBXFileReference section */

/* Begin PBXFrameworksBuildPhase section */
		A620FD5928BD8BF80098766E /* Frameworks */ = {
			isa = PBXFrameworksBuildPhase;
			buildActionMask = 2147483647;
			files = (
				A620FD8C28BD8C690098766E /* WebKit.framework in Frameworks */,
			);
			runOnlyForDeploymentPostprocessing = 0;
		};
		A620FD6A28BD8BFB0098766E /* Frameworks */ = {
			isa = PBXFrameworksBuildPhase;
			buildActionMask = 2147483647;
			files = (
			);
			runOnlyForDeploymentPostprocessing = 0;
		};
		A620FD7428BD8BFB0098766E /* Frameworks */ = {
			isa = PBXFrameworksBuildPhase;
			buildActionMask = 2147483647;
			files = (
			);
			runOnlyForDeploymentPostprocessing = 0;
		};
/* End PBXFrameworksBuildPhase section */

/* Begin PBXGroup section */
		A620FD5328BD8BF80098766E = {
			isa = PBXGroup;
			children = (
				A620FD5E28BD8BF80098766E /* WebviewWithSwift */,
				A620FD7028BD8BFB0098766E /* WebviewWithSwiftTests */,
				A620FD7A28BD8BFB0098766E /* WebviewWithSwiftUITests */,
				A620FD5D28BD8BF80098766E /* Products */,
				A620FD8A28BD8C690098766E /* Frameworks */,
			);
			sourceTree = "<group>";
		};
		A620FD5D28BD8BF80098766E /* Products */ = {
			isa = PBXGroup;
			children = (
				A620FD5C28BD8BF80098766E /* WebviewWithSwift.app */,
				A620FD6D28BD8BFB0098766E /* WebviewWithSwiftTests.xctest */,
				A620FD7728BD8BFB0098766E /* WebviewWithSwiftUITests.xctest */,
			);
			name = Products;
			sourceTree = "<group>";
		};
		A620FD5E28BD8BF80098766E /* WebviewWithSwift */ = {
			isa = PBXGroup;
			children = (
				A620FD5F28BD8BF80098766E /* WebviewWithSwiftApp.swift */,
				A620FD8F28BD95190098766E /* ContentView.swift */,
				A620FD8D28BD90540098766E /* Webview.swift */,
				A620FD6328BD8BFA0098766E /* Assets.xcassets */,
				A620FD6828BD8BFA0098766E /* WebviewWithSwift.entitlements */,
				A620FD6528BD8BFA0098766E /* Preview Content */,
			);
			path = WebviewWithSwift;
			sourceTree = "<group>";
		};
		A620FD6528BD8BFA0098766E /* Preview Content */ = {
			isa = PBXGroup;
			children = (
				A620FD6628BD8BFA0098766E /* Preview Assets.xcassets */,
			);
			path = "Preview Content";
			sourceTree = "<group>";
		};
		A620FD7028BD8BFB0098766E /* WebviewWithSwiftTests */ = {
			isa = PBXGroup;
			children = (
				A620FD7128BD8BFB0098766E /* WebviewWithSwiftTests.swift */,
			);
			path = WebviewWithSwiftTests;
			sourceTree = "<group>";
		};
		A620FD7A28BD8BFB0098766E /* WebviewWithSwiftUITests */ = {
			isa = PBXGroup;
			children = (
				A620FD7B28BD8BFB0098766E /* WebviewWithSwiftUITests.swift */,
				A620FD7D28BD8BFB0098766E /* WebviewWithSwiftUITestsLaunchTests.swift */,
			);
			path = WebviewWithSwiftUITests;
			sourceTree = "<group>";
		};
		A620FD8A28BD8C690098766E /* Frameworks */ = {
			isa = PBXGroup;
			children = (
				A620FD8B28BD8C690098766E /* WebKit.framework */,
			);
			name = Frameworks;
			sourceTree = "<group>";
		};
/* End PBXGroup section */

/* Begin PBXNativeTarget section */
		A620FD5B28BD8BF80098766E /* WebviewWithSwift */ = {
			isa = PBXNativeTarget;
			buildConfigurationList = A620FD8128BD8BFB0098766E /* Build configuration list for PBXNativeTarget "WebviewWithSwift" */;
			buildPhases = (
				A620FD5828BD8BF80098766E /* Sources */,
				A620FD5928BD8BF80098766E /* Frameworks */,
				A620FD5A28BD8BF80098766E /* Resources */,
			);
			buildRules = (
			);
			dependencies = (
			);
			name = WebviewWithSwift;
			productName = WebviewWithSwift;
			productReference = A620FD5C28BD8BF80098766E /* WebviewWithSwift.app */;
			productType = "com.apple.product-type.application";
		};
		A620FD6C28BD8BFB0098766E /* WebviewWithSwiftTests */ = {
			isa = PBXNativeTarget;
			buildConfigurationList = A620FD8428BD8BFB0098766E /* Build configuration list for PBXNativeTarget "WebviewWithSwiftTests" */;
			buildPhases = (
				A620FD6928BD8BFB0098766E /* Sources */,
				A620FD6A28BD8BFB0098766E /* Frameworks */,
				A620FD6B28BD8BFB0098766E /* Resources */,
			);
			buildRules = (
			);
			dependencies = (
				A620FD6F28BD8BFB0098766E /* PBXTargetDependency */,
			);
			name = WebviewWithSwiftTests;
			productName = WebviewWithSwiftTests;
			productReference = A620FD6D28BD8BFB0098766E /* WebviewWithSwiftTests.xctest */;
			productType = "com.apple.product-type.bundle.unit-test";
		};
		A620FD7628BD8BFB0098766E /* WebviewWithSwiftUITests */ = {
			isa = PBXNativeTarget;
			buildConfigurationList = A620FD8728BD8BFB0098766E /* Build configuration list for PBXNativeTarget "WebviewWithSwiftUITests" */;
			buildPhases = (
				A620FD7328BD8BFB0098766E /* Sources */,
				A620FD7428BD8BFB0098766E /* Frameworks */,
				A620FD7528BD8BFB0098766E /* Resources */,
			);
			buildRules = (
			);
			dependencies = (
				A620FD7928BD8BFB0098766E /* PBXTargetDependency */,
			);
			name = WebviewWithSwiftUITests;
			productName = WebviewWithSwiftUITests;
			productReference = A620FD7728BD8BFB0098766E /* WebviewWithSwiftUITests.xctest */;
			productType = "com.apple.product-type.bundle.ui-testing";
		};
/* End PBXNativeTarget section */

/* Begin PBXProject section */
		A620FD5428BD8BF80098766E /* Project object */ = {
			isa = PBXProject;
			attributes = {
				BuildIndependentTargetsInParallel = 1;
				LastSwiftUpdateCheck = 1340;
				LastUpgradeCheck = 1340;
				TargetAttributes = {
					A620FD5B28BD8BF80098766E = {
						CreatedOnToolsVersion = 13.4.1;
					};
					A620FD6C28BD8BFB0098766E = {
						CreatedOnToolsVersion = 13.4.1;
						TestTargetID = A620FD5B28BD8BF80098766E;
					};
					A620FD7628BD8BFB0098766E = {
						CreatedOnToolsVersion = 13.4.1;
						TestTargetID = A620FD5B28BD8BF80098766E;
					};
				};
			};
			buildConfigurationList = A620FD5728BD8BF80098766E /* Build configuration list for PBXProject "WebviewWithSwift" */;
			compatibilityVersion = "Xcode 13.0";
			developmentRegion = en;
			hasScannedForEncodings = 0;
			knownRegions = (
				en,
				Base,
			);
			mainGroup = A620FD5328BD8BF80098766E;
			productRefGroup = A620FD5D28BD8BF80098766E /* Products */;
			projectDirPath = "";
			projectRoot = "";
			targets = (
				A620FD5B28BD8BF80098766E /* WebviewWithSwift */,
				A620FD6C28BD8BFB0098766E /* WebviewWithSwiftTests */,
				A620FD7628BD8BFB0098766E /* WebviewWithSwiftUITests */,
			);
		};
/* End PBXProject section */

/* Begin PBXResourcesBuildPhase section */
		A620FD5A28BD8BF80098766E /* Resources */ = {
			isa = PBXResourcesBuildPhase;
			buildActionMask = 2147483647;
			files = (
				A620FD6728BD8BFA0098766E /* Preview Assets.xcassets in Resources */,
				A620FD6428BD8BFA0098766E /* Assets.xcassets in Resources */,
			);
			runOnlyForDeploymentPostprocessing = 0;
		};
		A620FD6B28BD8BFB0098766E /* Resources */ = {
			isa = PBXResourcesBuildPhase;
			buildActionMask = 2147483647;
			files = (
			);
			runOnlyForDeploymentPostprocessing = 0;
		};
		A620FD7528BD8BFB0098766E /* Resources */ = {
			isa = PBXResourcesBuildPhase;
			buildActionMask = 2147483647;
			files = (
			);
			runOnlyForDeploymentPostprocessing = 0;
		};
/* End PBXResourcesBuildPhase section */

/* Begin PBXSourcesBuildPhase section */
		A620FD5828BD8BF80098766E /* Sources */ = {
			isa = PBXSourcesBuildPhase;
			buildActionMask = 2147483647;
			files = (
				A620FD8E28BD90540098766E /* Webview.swift in Sources */,
				A620FD6028BD8BF80098766E /* WebviewWithSwiftApp.swift in Sources */,
				A620FD9028BD95190098766E /* ContentView.swift in Sources */,
			);
			runOnlyForDeploymentPostprocessing = 0;
		};
		A620FD6928BD8BFB0098766E /* Sources */ = {
			isa = PBXSourcesBuildPhase;
			buildActionMask = 2147483647;
			files = (
				A620FD7228BD8BFB0098766E /* WebviewWithSwiftTests.swift in Sources */,
			);
			runOnlyForDeploymentPostprocessing = 0;
		};
		A620FD7328BD8BFB0098766E /* Sources */ = {
			isa = PBXSourcesBuildPhase;
			buildActionMask = 2147483647;
			files = (
				A620FD7E28BD8BFB0098766E /* WebviewWithSwiftUITestsLaunchTests.swift in Sources */,
				A620FD7C28BD8BFB0098766E /* WebviewWithSwiftUITests.swift in Sources */,
			);
			runOnlyForDeploymentPostprocessing = 0;
		};
/* End PBXSourcesBuildPhase section */

/* Begin PBXTargetDependency section */
		A620FD6F28BD8BFB0098766E /* PBXTargetDependency */ = {
			isa = PBXTargetDependency;
			target = A620FD5B28BD8BF80098766E /* WebviewWithSwift */;
			targetProxy = A620FD6E28BD8BFB0098766E /* PBXContainerItemProxy */;
		};
		A620FD7928BD8BFB0098766E /* PBXTargetDependency */ = {
			isa = PBXTargetDependency;
			target = A620FD5B28BD8BF80098766E /* WebviewWithSwift */;
			targetProxy = A620FD7828BD8BFB0098766E /* PBXContainerItemProxy */;
		};
/* End PBXTargetDependency section */

/* Begin XCBuildConfiguration section */
		A620FD7F28BD8BFB0098766E /* Debug */ = {
			isa = XCBuildConfiguration;
			buildSettings = {
				ALWAYS_SEARCH_USER_PATHS = NO;
				CLANG_ANALYZER_NONNULL = YES;
				CLANG_ANALYZER_NUMBER_OBJECT_CONVERSION = YES_AGGRESSIVE;
				CLANG_CXX_LANGUAGE_STANDARD = "gnu++17";
				CLANG_ENABLE_MODULES = YES;
				CLANG_ENABLE_OBJC_ARC = YES;
				CLANG_ENABLE_OBJC_WEAK = YES;
				CLANG_WARN_BLOCK_CAPTURE_AUTORELEASING = YES;
				CLANG_WARN_BOOL_CONVERSION = YES;
				CLANG_WARN_COMMA = YES;
				CLANG_WARN_CONSTANT_CONVERSION = YES;
				CLANG_WARN_DEPRECATED_OBJC_IMPLEMENTATIONS = YES;
				CLANG_WARN_DIRECT_OBJC_ISA_USAGE = YES_ERROR;
				CLANG_WARN_DOCUMENTATION_COMMENTS = YES;
				CLANG_WARN_EMPTY_BODY = YES;
				CLANG_WARN_ENUM_CONVERSION = YES;
				CLANG_WARN_INFINITE_RECURSION = YES;
				CLANG_WARN_INT_CONVERSION = YES;
				CLANG_WARN_NON_LITERAL_NULL_CONVERSION = YES;
				CLANG_WARN_OBJC_IMPLICIT_RETAIN_SELF = YES;
				CLANG_WARN_OBJC_LITERAL_CONVERSION = YES;
				CLANG_WARN_OBJC_ROOT_CLASS = YES_ERROR;
				CLANG_WARN_QUOTED_INCLUDE_IN_FRAMEWORK_HEADER = YES;
				CLANG_WARN_RANGE_LOOP_ANALYSIS = YES;
				CLANG_WARN_STRICT_PROTOTYPES = YES;
				CLANG_WARN_SUSPICIOUS_MOVE = YES;
				CLANG_WARN_UNGUARDED_AVAILABILITY = YES_AGGRESSIVE;
				CLANG_WARN_UNREACHABLE_CODE = YES;
				CLANG_WARN__DUPLICATE_METHOD_MATCH = YES;
				COPY_PHASE_STRIP = NO;
				DEBUG_INFORMATION_FORMAT = dwarf;
				ENABLE_STRICT_OBJC_MSGSEND = YES;
				ENABLE_TESTABILITY = YES;
				GCC_C_LANGUAGE_STANDARD = gnu11;
				GCC_DYNAMIC_NO_PIC = NO;
				GCC_NO_COMMON_BLOCKS = YES;
				GCC_OPTIMIZATION_LEVEL = 0;
				GCC_PREPROCESSOR_DEFINITIONS = (
					"DEBUG=1",
					"$(inherited)",
				);
				GCC_WARN_64_TO_32_BIT_CONVERSION = YES;
				GCC_WARN_ABOUT_RETURN_TYPE = YES_ERROR;
				GCC_WARN_UNDECLARED_SELECTOR = YES;
				GCC_WARN_UNINITIALIZED_AUTOS = YES_AGGRESSIVE;
				GCC_WARN_UNUSED_FUNCTION = YES;
				GCC_WARN_UNUSED_VARIABLE = YES;
				MACOSX_DEPLOYMENT_TARGET = 12.3;
				MTL_ENABLE_DEBUG_INFO = INCLUDE_SOURCE;
				MTL_FAST_MATH = YES;
				ONLY_ACTIVE_ARCH = YES;
				SDKROOT = macosx;
				SWIFT_ACTIVE_COMPILATION_CONDITIONS = DEBUG;
				SWIFT_OPTIMIZATION_LEVEL = "-Onone";
			};
			name = Debug;
		};
		A620FD8028BD8BFB0098766E /* Release */ = {
			isa = XCBuildConfiguration;
			buildSettings = {
				ALWAYS_SEARCH_USER_PATHS = NO;
				CLANG_ANALYZER_NONNULL = YES;
				CLANG_ANALYZER_NUMBER_OBJECT_CONVERSION = YES_AGGRESSIVE;
				CLANG_CXX_LANGUAGE_STANDARD = "gnu++17";
				CLANG_ENABLE_MODULES = YES;
				CLANG_ENABLE_OBJC_ARC = YES;
				CLANG_ENABLE_OBJC_WEAK = YES;
				CLANG_WARN_BLOCK_CAPTURE_AUTORELEASING = YES;
				CLANG_WARN_BOOL_CONVERSION = YES;
				CLANG_WARN_COMMA = YES;
				CLANG_WARN_CONSTANT_CONVERSION = YES;
				CLANG_WARN_DEPRECATED_OBJC_IMPLEMENTATIONS = YES;
				CLANG_WARN_DIRECT_OBJC_ISA_USAGE = YES_ERROR;
				CLANG_WARN_DOCUMENTATION_COMMENTS = YES;
				CLANG_WARN_EMPTY_BODY = YES;
				CLANG_WARN_ENUM_CONVERSION = YES;
				CLANG_WARN_INFINITE_RECURSION = YES;
				CLANG_WARN_INT_CONVERSION = YES;
				CLANG_WARN_NON_LITERAL_NULL_CONVERSION = YES;
				CLANG_WARN_OBJC_IMPLICIT_RETAIN_SELF = YES;
				CLANG_WARN_OBJC_LITERAL_CONVERSION = YES;
				CLANG_WARN_OBJC_ROOT_CLASS = YES_ERROR;
				CLANG_WARN_QUOTED_INCLUDE_IN_FRAMEWORK_HEADER = YES;
				CLANG_WARN_RANGE_LOOP_ANALYSIS = YES;
				CLANG_WARN_STRICT_PROTOTYPES = YES;
				CLANG_WARN_SUSPICIOUS_MOVE = YES;
				CLANG_WARN_UNGUARDED_AVAILABILITY = YES_AGGRESSIVE;
				CLANG_WARN_UNREACHABLE_CODE = YES;
				CLANG_WARN__DUPLICATE_METHOD_MATCH = YES;
				COPY_PHASE_STRIP = NO;
				DEBUG_INFORMATION_FORMAT = "dwarf-with-dsym";
				ENABLE_NS_ASSERTIONS = NO;
				ENABLE_STRICT_OBJC_MSGSEND = YES;
				GCC_C_LANGUAGE_STANDARD = gnu11;
				GCC_NO_COMMON_BLOCKS = YES;
				GCC_WARN_64_TO_32_BIT_CONVERSION = YES;
				GCC_WARN_ABOUT_RETURN_TYPE = YES_ERROR;
				GCC_WARN_UNDECLARED_SELECTOR = YES;
				GCC_WARN_UNINITIALIZED_AUTOS = YES_AGGRESSIVE;
				GCC_WARN_UNUSED_FUNCTION = YES;
				GCC_WARN_UNUSED_VARIABLE = YES;
				MACOSX_DEPLOYMENT_TARGET = 12.3;
				MTL_ENABLE_DEBUG_INFO = NO;
				MTL_FAST_MATH = YES;
				SDKROOT = macosx;
				SWIFT_COMPILATION_MODE = wholemodule;
				SWIFT_OPTIMIZATION_LEVEL = "-O";
			};
			name = Release;
		};
		A620FD8228BD8BFB0098766E /* Debug */ = {
			isa = XCBuildConfiguration;
			buildSettings = {
				ASSETCATALOG_COMPILER_APPICON_NAME = AppIcon;
				ASSETCATALOG_COMPILER_GLOBAL_ACCENT_COLOR_NAME = AccentColor;
				CODE_SIGN_ENTITLEMENTS = WebviewWithSwift/WebviewWithSwift.entitlements;
				CODE_SIGN_STYLE = Automatic;
				COMBINE_HIDPI_IMAGES = YES;
				CURRENT_PROJECT_VERSION = 1;
				DEVELOPMENT_ASSET_PATHS = "\"WebviewWithSwift/Preview Content\"";
				ENABLE_PREVIEWS = YES;
				GENERATE_INFOPLIST_FILE = YES;
				INFOPLIST_KEY_NSHumanReadableCopyright = "";
				LD_RUNPATH_SEARCH_PATHS = (
					"$(inherited)",
					"@executable_path/../Frameworks",
				);
				MARKETING_VERSION = 1.0;
				PRODUCT_BUNDLE_IDENTIFIER = index.WebviewWithSwift;
				PRODUCT_NAME = "$(TARGET_NAME)";
				SWIFT_EMIT_LOC_STRINGS = YES;
				SWIFT_VERSION = 5.0;
			};
			name = Debug;
		};
		A620FD8328BD8BFB0098766E /* Release */ = {
			isa = XCBuildConfiguration;
			buildSettings = {
				ASSETCATALOG_COMPILER_APPICON_NAME = AppIcon;
				ASSETCATALOG_COMPILER_GLOBAL_ACCENT_COLOR_NAME = AccentColor;
				CODE_SIGN_ENTITLEMENTS = WebviewWithSwift/WebviewWithSwift.entitlements;
				CODE_SIGN_STYLE = Automatic;
				COMBINE_HIDPI_IMAGES = YES;
				CURRENT_PROJECT_VERSION = 1;
				DEVELOPMENT_ASSET_PATHS = "\"WebviewWithSwift/Preview Content\"";
				ENABLE_PREVIEWS = YES;
				GENERATE_INFOPLIST_FILE = YES;
				INFOPLIST_KEY_NSHumanReadableCopyright = "";
				LD_RUNPATH_SEARCH_PATHS = (
					"$(inherited)",
					"@executable_path/../Frameworks",
				);
				MARKETING_VERSION = 1.0;
				PRODUCT_BUNDLE_IDENTIFIER = index.WebviewWithSwift;
				PRODUCT_NAME = "$(TARGET_NAME)";
				SWIFT_EMIT_LOC_STRINGS = YES;
				SWIFT_VERSION = 5.0;
			};
			name = Release;
		};
		A620FD8528BD8BFB0098766E /* Debug */ = {
			isa = XCBuildConfiguration;
			buildSettings = {
				ALWAYS_EMBED_SWIFT_STANDARD_LIBRARIES = YES;
				BUNDLE_LOADER = "$(TEST_HOST)";
				CODE_SIGN_STYLE = Automatic;
				CURRENT_PROJECT_VERSION = 1;
				GENERATE_INFOPLIST_FILE = YES;
				MACOSX_DEPLOYMENT_TARGET = 12.3;
				MARKETING_VERSION = 1.0;
				PRODUCT_BUNDLE_IDENTIFIER = index.WebviewWithSwiftTests;
				PRODUCT_NAME = "$(TARGET_NAME)";
				SWIFT_EMIT_LOC_STRINGS = NO;
				SWIFT_VERSION = 5.0;
				TEST_HOST = "$(BUILT_PRODUCTS_DIR)/WebviewWithSwift.app/Contents/MacOS/WebviewWithSwift";
			};
			name = Debug;
		};
		A620FD8628BD8BFB0098766E /* Release */ = {
			isa = XCBuildConfiguration;
			buildSettings = {
				ALWAYS_EMBED_SWIFT_STANDARD_LIBRARIES = YES;
				BUNDLE_LOADER = "$(TEST_HOST)";
				CODE_SIGN_STYLE = Automatic;
				CURRENT_PROJECT_VERSION = 1;
				GENERATE_INFOPLIST_FILE = YES;
				MACOSX_DEPLOYMENT_TARGET = 12.3;
				MARKETING_VERSION = 1.0;
				PRODUCT_BUNDLE_IDENTIFIER = index.WebviewWithSwiftTests;
				PRODUCT_NAME = "$(TARGET_NAME)";
				SWIFT_EMIT_LOC_STRINGS = NO;
				SWIFT_VERSION = 5.0;
				TEST_HOST = "$(BUILT_PRODUCTS_DIR)/WebviewWithSwift.app/Contents/MacOS/WebviewWithSwift";
			};
			name = Release;
		};
		A620FD8828BD8BFB0098766E /* Debug */ = {
			isa = XCBuildConfiguration;
			buildSettings = {
				ALWAYS_EMBED_SWIFT_STANDARD_LIBRARIES = YES;
				CODE_SIGN_STYLE = Automatic;
				CURRENT_PROJECT_VERSION = 1;
				GENERATE_INFOPLIST_FILE = YES;
				MARKETING_VERSION = 1.0;
				PRODUCT_BUNDLE_IDENTIFIER = index.WebviewWithSwiftUITests;
				PRODUCT_NAME = "$(TARGET_NAME)";
				SWIFT_EMIT_LOC_STRINGS = NO;
				SWIFT_VERSION = 5.0;
				TEST_TARGET_NAME = WebviewWithSwift;
			};
			name = Debug;
		};
		A620FD8928BD8BFB0098766E /* Release */ = {
			isa = XCBuildConfiguration;
			buildSettings = {
				ALWAYS_EMBED_SWIFT_STANDARD_LIBRARIES = YES;
				CODE_SIGN_STYLE = Automatic;
				CURRENT_PROJECT_VERSION = 1;
				GENERATE_INFOPLIST_FILE = YES;
				MARKETING_VERSION = 1.0;
				PRODUCT_BUNDLE_IDENTIFIER = index.WebviewWithSwiftUITests;
				PRODUCT_NAME = "$(TARGET_NAME)";
				SWIFT_EMIT_LOC_STRINGS = NO;
				SWIFT_VERSION = 5.0;
				TEST_TARGET_NAME = WebviewWithSwift;
			};
			name = Release;
		};
/* End XCBuildConfiguration section */

/* Begin XCConfigurationList section */
		A620FD5728BD8BF80098766E /* Build configuration list for PBXProject "WebviewWithSwift" */ = {
			isa = XCConfigurationList;
			buildConfigurations = (
				A620FD7F28BD8BFB0098766E /* Debug */,
				A620FD8028BD8BFB0098766E /* Release */,
			);
			defaultConfigurationIsVisible = 0;
			defaultConfigurationName = Release;
		};
		A620FD8128BD8BFB0098766E /* Build configuration list for PBXNativeTarget "WebviewWithSwift" */ = {
			isa = XCConfigurationList;
			buildConfigurations = (
				A620FD8228BD8BFB0098766E /* Debug */,
				A620FD8328BD8BFB0098766E /* Release */,
			);
			defaultConfigurationIsVisible = 0;
			defaultConfigurationName = Release;
		};
		A620FD8428BD8BFB0098766E /* Build configuration list for PBXNativeTarget "WebviewWithSwiftTests" */ = {
			isa = XCConfigurationList;
			buildConfigurations = (
				A620FD8528BD8BFB0098766E /* Debug */,
				A620FD8628BD8BFB0098766E /* Release */,
			);
			defaultConfigurationIsVisible = 0;
			defaultConfigurationName = Release;
		};
		A620FD8728BD8BFB0098766E /* Build configuration list for PBXNativeTarget "WebviewWithSwiftUITests" */ = {
			isa = XCConfigurationList;
			buildConfigurations = (
				A620FD8828BD8BFB0098766E /* Debug */,
				A620FD8928BD8BFB0098766E /* Release */,
			);
			defaultConfigurationIsVisible = 0;
			defaultConfigurationName = Release;
		};
/* End XCConfigurationList section */
	};
	rootObject = A620FD5428BD8BF80098766E /* Project object */;
}
